{
    "_readme": [
        "This file locks the dependencies of your project to a known state",
        "Read more about it at https://getcomposer.org/doc/01-basic-usage.md#composer-lock-the-lock-file",
        "This file is @generated automatically"
    ],
    "hash": "a7fd313868338672473bb060e6865049",
    "packages": [
        {
            "name": "mougrim/php-logger",
            "version": "v2.0.0",
            "source": {
                "type": "git",
                "url": "https://github.com/mougrim/php-logger.git",
                "reference": "3e03d674c7c75e46621cee7a17026aa53cd1e14a"
            },
            "dist": {
                "type": "zip",
                "url": "https://api.github.com/repos/mougrim/php-logger/zipball/3e03d674c7c75e46621cee7a17026aa53cd1e14a",
                "reference": "3e03d674c7c75e46621cee7a17026aa53cd1e14a",
                "shasum": ""
            },
            "require": {
                "php": ">=5.5.0"
            },
            "require-dev": {
                "ext-pcntl": "*",
                "ext-runkit": "*",
                "phpunit/phpunit": "3.7.*"
            },
            "type": "library",
            "autoload": {
                "psr-4": {
                    "Mougrim\\Logger\\": "src"
                }
            },
            "notification-url": "https://packagist.org/downloads/",
            "license": [
                "MIT"
            ],
            "authors": [
                {
                    "name": "mitallast",
                    "email": "mitallast@gmail.com"
                },
                {
                    "name": "Mougrim",
                    "email": "rinat@mougrim.ru"
                }
            ],
            "description": "Simple and fast php logging library",
            "time": "2015-09-03 19:27:34"
        }
    ],
    "packages-dev": [],
    "aliases": [],
    "minimum-stability": "stable",
    "stability-flags": [],
    "prefer-stable": false,
    "prefer-lowest": false,
    "platform": {
        "php": ">=5.5.0"
    },
    "platform-dev": []
}
